
Microsoft Visual Studio Solution File, Format Version 12.00
# Visual Studio 15
VisualStudioVersion = 15.0.28307.1082
MinimumVisualStudioVersion = 10.0.40219.1
Project("{FAE04EC0-301F-11D3-BF4B-00C04F79EFBC}") = "Arborescence", "Arborescence\Arborescence.csproj", "{D43ABB07-09D3-4BB0-986B-74D92A9424FC}"
EndProject
Project("{FAE04EC0-301F-11D3-BF4B-00C04F79EFBC}") = "App", "App\App.csproj", "{D5DFA712-DA06-4719-9279-FF36B4B86204}"
EndProject
Global
	GlobalSection(SolutionConfigurationPlatforms) = preSolution
		Debug|Any CPU = Debug|Any CPU
		Release|Any CPU = Release|Any CPU
	EndGlobalSection
	GlobalSection(ProjectConfigurationPlatforms) = postSolution
		{D43ABB07-09D3-4BB0-986B-74D92A9424FC}.Debug|Any CPU.ActiveCfg = Debug|Any CPU
		{D43ABB07-09D3-4BB0-986B-74D92A9424FC}.Debug|Any CPU.Build.0 = Debug|Any CPU
		{D43ABB07-09D3-4BB0-986B-74D92A9424FC}.Release|Any CPU.ActiveCfg = Release|Any CPU
		{D43ABB07-09D3-4BB0-986B-74D92A9424FC}.Release|Any CPU.Build.0 = Release|Any CPU
		{D5DFA712-DA06-4719-9279-FF36B4B86204}.Debug|Any CPU.ActiveCfg = Debug|Any CPU
		{D5DFA712-DA06-4719-9279-FF36B4B86204}.Debug|Any CPU.Build.0 = Debug|Any CPU
		{D5DFA712-DA06-4719-9279-FF36B4B86204}.Release|Any CPU.ActiveCfg = Release|Any CPU
		{D5DFA712-DA06-4719-9279-FF36B4B86204}.Release|Any CPU.Build.0 = Release|Any CPU
	EndGlobalSection
	GlobalSection(SolutionProperties) = preSolution
		HideSolutionNode = FALSE
	EndGlobalSection
	GlobalSection(ExtensibilityGlobals) = postSolution
		SolutionGuid = {76C125A1-DBAC-4E9D-AA59-01CDDA072891}
	EndGlobalSection
EndGlobal
